
Microsoft Visual Studio Solution File, Format Version 12.00
# Visual Studio Version 16
VisualStudioVersion = 16.0.30804.86
MinimumVisualStudioVersion = 10.0.40219.1
Project("{9A19103F-16F7-4668-BE54-9A1E7A4F7556}") = "DataAccess", "DataAccess\DataAccess.csproj", "{CE0C1A25-1C0E-46C7-B051-CC1EB5CD4674}"
EndProject
Project("{9A19103F-16F7-4668-BE54-9A1E7A4F7556}") = "Bussiness", "Bussiness\Bussiness.csproj", "{389F75A3-AD75-4486-AF4A-E97212308DAA}"
EndProject
Project("{9A19103F-16F7-4668-BE54-9A1E7A4F7556}") = "Entities", "Entities\Entities.csproj", "{BF7866B7-E95F-4FDB-858E-E94064BCEEA1}"
EndProject
Project("{9A19103F-16F7-4668-BE54-9A1E7A4F7556}") = "ConsoleUI", "ConsoleUI\ConsoleUI.csproj", "{A2E6A244-7A3B-49C1-AC60-24661D24C23D}"
EndProject
Project("{9A19103F-16F7-4668-BE54-9A1E7A4F7556}") = "Core", "Core\Core.csproj", "{28A63AEA-8D6B-4626-A9C9-A0A5E822C6AA}"
EndProject
Project("{FAE04EC0-301F-11D3-BF4B-00C04F79EFBC}") = "WebAPI", "WebAPI\WebAPI.csproj", "{11F80576-B624-4D93-B0AF-CE4E53E64805}"
EndProject
Global
	GlobalSection(SolutionConfigurationPlatforms) = preSolution
		Debug|Any CPU = Debug|Any CPU
		Release|Any CPU = Release|Any CPU
	EndGlobalSection
	GlobalSection(ProjectConfigurationPlatforms) = postSolution
		{CE0C1A25-1C0E-46C7-B051-CC1EB5CD4674}.Debug|Any CPU.ActiveCfg = Debug|Any CPU
		{CE0C1A25-1C0E-46C7-B051-CC1EB5CD4674}.Debug|Any CPU.Build.0 = Debug|Any CPU
		{CE0C1A25-1C0E-46C7-B051-CC1EB5CD4674}.Release|Any CPU.ActiveCfg = Release|Any CPU
		{CE0C1A25-1C0E-46C7-B051-CC1EB5CD4674}.Release|Any CPU.Build.0 = Release|Any CPU
		{389F75A3-AD75-4486-AF4A-E97212308DAA}.Debug|Any CPU.ActiveCfg = Debug|Any CPU
		{389F75A3-AD75-4486-AF4A-E97212308DAA}.Debug|Any CPU.Build.0 = Debug|Any CPU
		{389F75A3-AD75-4486-AF4A-E97212308DAA}.Release|Any CPU.ActiveCfg = Release|Any CPU
		{389F75A3-AD75-4486-AF4A-E97212308DAA}.Release|Any CPU.Build.0 = Release|Any CPU
		{BF7866B7-E95F-4FDB-858E-E94064BCEEA1}.Debug|Any CPU.ActiveCfg = Debug|Any CPU
		{BF7866B7-E95F-4FDB-858E-E94064BCEEA1}.Debug|Any CPU.Build.0 = Debug|Any CPU
		{BF7866B7-E95F-4FDB-858E-E94064BCEEA1}.Release|Any CPU.ActiveCfg = Release|Any CPU
		{BF7866B7-E95F-4FDB-858E-E94064BCEEA1}.Release|Any CPU.Build.0 = Release|Any CPU
		{A2E6A244-7A3B-49C1-AC60-24661D24C23D}.Debug|Any CPU.ActiveCfg = Debug|Any CPU
		{A2E6A244-7A3B-49C1-AC60-24661D24C23D}.Debug|Any CPU.Build.0 = Debug|Any CPU
		{A2E6A244-7A3B-49C1-AC60-24661D24C23D}.Release|Any CPU.ActiveCfg = Release|Any CPU
		{A2E6A244-7A3B-49C1-AC60-24661D24C23D}.Release|Any CPU.Build.0 = Release|Any CPU
		{28A63AEA-8D6B-4626-A9C9-A0A5E822C6AA}.Debug|Any CPU.ActiveCfg = Debug|Any CPU
		{28A63AEA-8D6B-4626-A9C9-A0A5E822C6AA}.Debug|Any CPU.Build.0 = Debug|Any CPU
		{28A63AEA-8D6B-4626-A9C9-A0A5E822C6AA}.Release|Any CPU.ActiveCfg = Release|Any CPU
		{28A63AEA-8D6B-4626-A9C9-A0A5E822C6AA}.Release|Any CPU.Build.0 = Release|Any CPU
		{11F80576-B624-4D93-B0AF-CE4E53E64805}.Debug|Any CPU.ActiveCfg = Debug|Any CPU
		{11F80576-B624-4D93-B0AF-CE4E53E64805}.Debug|Any CPU.Build.0 = Debug|Any CPU
		{11F80576-B624-4D93-B0AF-CE4E53E64805}.Release|Any CPU.ActiveCfg = Release|Any CPU
		{11F80576-B624-4D93-B0AF-CE4E53E64805}.Release|Any CPU.Build.0 = Release|Any CPU
	EndGlobalSection
	GlobalSection(SolutionProperties) = preSolution
		HideSolutionNode = FALSE
	EndGlobalSection
	GlobalSection(ExtensibilityGlobals) = postSolution
		SolutionGuid = {2A6FBA59-345E-40A7-B34D-F73020826C22}
	EndGlobalSection
EndGlobal
